
Microsoft Visual Studio Solution File, Format Version 12.00
# Visual Studio 15
VisualStudioVersion = 15.0.26124.0
MinimumVisualStudioVersion = 15.0.26124.0
Project("{FAE04EC0-301F-11D3-BF4B-00C04F79EFBC}") = "VirtualPet", "VirtualPet\VirtualPet.csproj", "{B6110C2C-C62D-4F4F-80AD-394739356C9B}"
EndProject
Project("{FAE04EC0-301F-11D3-BF4B-00C04F79EFBC}") = "VirtualPet.Tests", "VirtualPet.Tests\VirtualPet.Tests.csproj", "{4BD1A7A8-C921-4463-A9C5-7D9C600F2FD1}"
EndProject
Global
	GlobalSection(SolutionConfigurationPlatforms) = preSolution
		Debug|Any CPU = Debug|Any CPU
		Debug|x64 = Debug|x64
		Debug|x86 = Debug|x86
		Release|Any CPU = Release|Any CPU
		Release|x64 = Release|x64
		Release|x86 = Release|x86
	EndGlobalSection
	GlobalSection(SolutionProperties) = preSolution
		HideSolutionNode = FALSE
	EndGlobalSection
	GlobalSection(ProjectConfigurationPlatforms) = postSolution
		{B6110C2C-C62D-4F4F-80AD-394739356C9B}.Debug|Any CPU.ActiveCfg = Debug|Any CPU
		{B6110C2C-C62D-4F4F-80AD-394739356C9B}.Debug|Any CPU.Build.0 = Debug|Any CPU
		{B6110C2C-C62D-4F4F-80AD-394739356C9B}.Debug|x64.ActiveCfg = Debug|Any CPU
		{B6110C2C-C62D-4F4F-80AD-394739356C9B}.Debug|x64.Build.0 = Debug|Any CPU
		{B6110C2C-C62D-4F4F-80AD-394739356C9B}.Debug|x86.ActiveCfg = Debug|Any CPU
		{B6110C2C-C62D-4F4F-80AD-394739356C9B}.Debug|x86.Build.0 = Debug|Any CPU
		{B6110C2C-C62D-4F4F-80AD-394739356C9B}.Release|Any CPU.ActiveCfg = Release|Any CPU
		{B6110C2C-C62D-4F4F-80AD-394739356C9B}.Release|Any CPU.Build.0 = Release|Any CPU
		{B6110C2C-C62D-4F4F-80AD-394739356C9B}.Release|x64.ActiveCfg = Release|Any CPU
		{B6110C2C-C62D-4F4F-80AD-394739356C9B}.Release|x64.Build.0 = Release|Any CPU
		{B6110C2C-C62D-4F4F-80AD-394739356C9B}.Release|x86.ActiveCfg = Release|Any CPU
		{B6110C2C-C62D-4F4F-80AD-394739356C9B}.Release|x86.Build.0 = Release|Any CPU
		{4BD1A7A8-C921-4463-A9C5-7D9C600F2FD1}.Debug|Any CPU.ActiveCfg = Debug|Any CPU
		{4BD1A7A8-C921-4463-A9C5-7D9C600F2FD1}.Debug|Any CPU.Build.0 = Debug|Any CPU
		{4BD1A7A8-C921-4463-A9C5-7D9C600F2FD1}.Debug|x64.ActiveCfg = Debug|Any CPU
		{4BD1A7A8-C921-4463-A9C5-7D9C600F2FD1}.Debug|x64.Build.0 = Debug|Any CPU
		{4BD1A7A8-C921-4463-A9C5-7D9C600F2FD1}.Debug|x86.ActiveCfg = Debug|Any CPU
		{4BD1A7A8-C921-4463-A9C5-7D9C600F2FD1}.Debug|x86.Build.0 = Debug|Any CPU
		{4BD1A7A8-C921-4463-A9C5-7D9C600F2FD1}.Release|Any CPU.ActiveCfg = Release|Any CPU
		{4BD1A7A8-C921-4463-A9C5-7D9C600F2FD1}.Release|Any CPU.Build.0 = Release|Any CPU
		{4BD1A7A8-C921-4463-A9C5-7D9C600F2FD1}.Release|x64.ActiveCfg = Release|Any CPU
		{4BD1A7A8-C921-4463-A9C5-7D9C600F2FD1}.Release|x64.Build.0 = Release|Any CPU
		{4BD1A7A8-C921-4463-A9C5-7D9C600F2FD1}.Release|x86.ActiveCfg = Release|Any CPU
		{4BD1A7A8-C921-4463-A9C5-7D9C600F2FD1}.Release|x86.Build.0 = Release|Any CPU
	EndGlobalSection
EndGlobal
